
Microsoft Visual Studio Solution File, Format Version 12.00
# Visual Studio Version 17
VisualStudioVersion = 17.14.36203.30
MinimumVisualStudioVersion = 10.0.40219.1
Project("{FAE04EC0-301F-11D3-BF4B-00C04F79EFBC}") = "WordFinder.Test", "WordFinder.Test\WordFinder.Test.csproj", "{6E355267-99EA-42C0-9097-2BDC4E385EBC}"
EndProject
Project("{FAE04EC0-301F-11D3-BF4B-00C04F79EFBC}") = "WordFinderLibrary", "WordFinderLibrary\WordFinderLibrary.csproj", "{D9EBFDC1-DBE3-48F3-98A6-BF4AE101135A}"
EndProject
Global
	GlobalSection(SolutionConfigurationPlatforms) = preSolution
		Debug|Any CPU = Debug|Any CPU
		Release|Any CPU = Release|Any CPU
	EndGlobalSection
	GlobalSection(ProjectConfigurationPlatforms) = postSolution
		{6E355267-99EA-42C0-9097-2BDC4E385EBC}.Debug|Any CPU.ActiveCfg = Debug|Any CPU
		{6E355267-99EA-42C0-9097-2BDC4E385EBC}.Debug|Any CPU.Build.0 = Debug|Any CPU
		{6E355267-99EA-42C0-9097-2BDC4E385EBC}.Release|Any CPU.ActiveCfg = Release|Any CPU
		{6E355267-99EA-42C0-9097-2BDC4E385EBC}.Release|Any CPU.Build.0 = Release|Any CPU
		{D9EBFDC1-DBE3-48F3-98A6-BF4AE101135A}.Debug|Any CPU.ActiveCfg = Debug|Any CPU
		{D9EBFDC1-DBE3-48F3-98A6-BF4AE101135A}.Debug|Any CPU.Build.0 = Debug|Any CPU
		{D9EBFDC1-DBE3-48F3-98A6-BF4AE101135A}.Release|Any CPU.ActiveCfg = Release|Any CPU
		{D9EBFDC1-DBE3-48F3-98A6-BF4AE101135A}.Release|Any CPU.Build.0 = Release|Any CPU
	EndGlobalSection
	GlobalSection(SolutionProperties) = preSolution
		HideSolutionNode = FALSE
	EndGlobalSection
	GlobalSection(ExtensibilityGlobals) = postSolution
		SolutionGuid = {7C1625D7-9574-46D0-8D15-2C9314F7424B}
	EndGlobalSection
EndGlobal
